
Microsoft Visual Studio Solution File, Format Version 12.00
# Visual Studio Version 17
VisualStudioVersion = 17.5.002.0
MinimumVisualStudioVersion = 10.0.40219.1
Project("{9A19103F-16F7-4668-BE54-9A1E7A4F7556}") = "UniMovie", "UniMovie.csproj", "{D1092381-32DB-4EDF-AFDC-8045F2B38672}"
EndProject
Global
	GlobalSection(SolutionConfigurationPlatforms) = preSolution
		Debug|Any CPU = Debug|Any CPU
		Release|Any CPU = Release|Any CPU
	EndGlobalSection
	GlobalSection(ProjectConfigurationPlatforms) = postSolution
		{D1092381-32DB-4EDF-AFDC-8045F2B38672}.Debug|Any CPU.ActiveCfg = Debug|Any CPU
		{D1092381-32DB-4EDF-AFDC-8045F2B38672}.Debug|Any CPU.Build.0 = Debug|Any CPU
		{D1092381-32DB-4EDF-AFDC-8045F2B38672}.Release|Any CPU.ActiveCfg = Release|Any CPU
		{D1092381-32DB-4EDF-AFDC-8045F2B38672}.Release|Any CPU.Build.0 = Release|Any CPU
	EndGlobalSection
	GlobalSection(SolutionProperties) = preSolution
		HideSolutionNode = FALSE
	EndGlobalSection
	GlobalSection(ExtensibilityGlobals) = postSolution
		SolutionGuid = {60C14DDE-E17E-47B9-B347-46D57D75D494}
	EndGlobalSection
EndGlobal
